
Microsoft Visual Studio Solution File, Format Version 12.00
# Visual Studio Version 16
VisualStudioVersion = 16.0.34902.97
MinimumVisualStudioVersion = 10.0.40219.1
Project("{FAE04EC0-301F-11D3-BF4B-00C04F79EFBC}") = "Clase10", "Clase10\Clase10.csproj", "{94DFBBE8-F121-4167-816E-9FAE2B8E5F12}"
EndProject
Global
	GlobalSection(SolutionConfigurationPlatforms) = preSolution
		Debug|Any CPU = Debug|Any CPU
		Release|Any CPU = Release|Any CPU
	EndGlobalSection
	GlobalSection(ProjectConfigurationPlatforms) = postSolution
		{94DFBBE8-F121-4167-816E-9FAE2B8E5F12}.Debug|Any CPU.ActiveCfg = Debug|Any CPU
		{94DFBBE8-F121-4167-816E-9FAE2B8E5F12}.Debug|Any CPU.Build.0 = Debug|Any CPU
		{94DFBBE8-F121-4167-816E-9FAE2B8E5F12}.Release|Any CPU.ActiveCfg = Release|Any CPU
		{94DFBBE8-F121-4167-816E-9FAE2B8E5F12}.Release|Any CPU.Build.0 = Release|Any CPU
	EndGlobalSection
	GlobalSection(SolutionProperties) = preSolution
		HideSolutionNode = FALSE
	EndGlobalSection
	GlobalSection(ExtensibilityGlobals) = postSolution
		SolutionGuid = {186741AB-BDDF-4715-912A-B2A0C0FA29BA}
	EndGlobalSection
EndGlobal
